
Microsoft Visual Studio Solution File, Format Version 12.00
# Visual Studio Version 16
VisualStudioVersion = 16.0.31129.286
MinimumVisualStudioVersion = 10.0.40219.1
Project("{8BC9CEB8-8B4A-11D0-8D11-00A0C91BC942}") = "poo_c_mysql", "poo_c_mysql.vcxproj", "{4830D188-29BC-457A-BF4F-4CFC0A6DD97F}"
EndProject
Global
	GlobalSection(SolutionConfigurationPlatforms) = preSolution
		Debug|x64 = Debug|x64
		Debug|x86 = Debug|x86
		Release|x64 = Release|x64
		Release|x86 = Release|x86
	EndGlobalSection
	GlobalSection(ProjectConfigurationPlatforms) = postSolution
		{4830D188-29BC-457A-BF4F-4CFC0A6DD97F}.Debug|x64.ActiveCfg = Debug|x64
		{4830D188-29BC-457A-BF4F-4CFC0A6DD97F}.Debug|x64.Build.0 = Debug|x64
		{4830D188-29BC-457A-BF4F-4CFC0A6DD97F}.Debug|x86.ActiveCfg = Debug|Win32
		{4830D188-29BC-457A-BF4F-4CFC0A6DD97F}.Debug|x86.Build.0 = Debug|Win32
		{4830D188-29BC-457A-BF4F-4CFC0A6DD97F}.Release|x64.ActiveCfg = Release|x64
		{4830D188-29BC-457A-BF4F-4CFC0A6DD97F}.Release|x64.Build.0 = Release|x64
		{4830D188-29BC-457A-BF4F-4CFC0A6DD97F}.Release|x86.ActiveCfg = Release|Win32
		{4830D188-29BC-457A-BF4F-4CFC0A6DD97F}.Release|x86.Build.0 = Release|Win32
	EndGlobalSection
	GlobalSection(SolutionProperties) = preSolution
		HideSolutionNode = FALSE
	EndGlobalSection
	GlobalSection(ExtensibilityGlobals) = postSolution
		SolutionGuid = {7FD2738A-3167-4F64-8371-C6A066E45E4A}
	EndGlobalSection
EndGlobal
